
Microsoft Visual Studio Solution File, Format Version 12.00
# Visual Studio 15
VisualStudioVersion = 15.0.27130.2010
MinimumVisualStudioVersion = 10.0.40219.1
Project("{2150E333-8FDC-42A3-9474-1A3956D46DE8}") = "Core", "Core", "{A25EEA97-6A4A-493E-8FFE-80C1DD22E4C9}"
EndProject
Project("{2150E333-8FDC-42A3-9474-1A3956D46DE8}") = "Front", "Front", "{B66929F6-1A0A-418A-9BAD-F8BE4E1E7B65}"
EndProject
Project("{2150E333-8FDC-42A3-9474-1A3956D46DE8}") = "Test", "Test", "{C8CEC934-7E24-44DD-8AC8-09835F28A696}"
EndProject
Project("{FAE04EC0-301F-11D3-BF4B-00C04F79EFBC}") = "Application", "Core\Application\Application.csproj", "{235C2C3C-6D7D-4E40-A8FF-5F3ABDBED2C3}"
EndProject
Project("{FAE04EC0-301F-11D3-BF4B-00C04F79EFBC}") = "Data", "Core\Data\Data.csproj", "{FFC40C9D-1CBE-4130-ADF0-625C3702472C}"
EndProject
Project("{FAE04EC0-301F-11D3-BF4B-00C04F79EFBC}") = "Domain", "Core\Domain\Domain.csproj", "{3B6ADBEB-C57C-4E98-9706-4D9E50C31338}"
EndProject
Project("{FAE04EC0-301F-11D3-BF4B-00C04F79EFBC}") = "Domain.Query", "Core\Domain.Query\Domain.Query.csproj", "{DCC1876C-4F2C-4508-A411-9377222E20C6}"
EndProject
Project("{FAE04EC0-301F-11D3-BF4B-00C04F79EFBC}") = "Shared", "Core\Shared\Shared.csproj", "{ADAD7401-50EB-426B-808E-F33660EA3B51}"
EndProject
Project("{FAE04EC0-301F-11D3-BF4B-00C04F79EFBC}") = "TestServices", "Test\TestServices\TestServices.csproj", "{E0F111CF-9834-4C3B-B104-1B7610518596}"
EndProject
Project("{2150E333-8FDC-42A3-9474-1A3956D46DE8}") = "Solution Items", "Solution Items", "{5454FCE5-22B9-4B8F-857B-E036DE95407F}"
	ProjectSection(SolutionItems) = preProject
		Local.testsettings = Local.testsettings
	EndProjectSection
EndProject
Project("{FAE04EC0-301F-11D3-BF4B-00C04F79EFBC}") = "InitializeDatabase", "Front\InitializeDatabase\InitializeDatabase.csproj", "{0DCC9426-819B-4E91-BB29-D62EBA4A117B}"
EndProject
Project("{FAE04EC0-301F-11D3-BF4B-00C04F79EFBC}") = "MigrateDatabase", "Front\MigrateDatabase\MigrateDatabase.csproj", "{DC2FD103-55FB-46FF-9C6C-722CC0BEDAF3}"
EndProject
Project("{FAE04EC0-301F-11D3-BF4B-00C04F79EFBC}") = "WebSiteStock", "Front\WebSiteStock\WebSiteStock.csproj", "{97F36C14-DE64-4416-81CC-49B1ED35FB69}"
EndProject
Project("{FAE04EC0-301F-11D3-BF4B-00C04F79EFBC}") = "RolesCompositionLoader", "Front\RolesCompositionLoader\RolesCompositionLoader.csproj", "{7BDEE64E-8D19-4484-993E-D32514557AD3}"
EndProject
Project("{FAE04EC0-301F-11D3-BF4B-00C04F79EFBC}") = "WpfStockApp", "Front\WpfStockApp\WpfStockApp.csproj", "{F45365DA-A0A3-4AF2-A863-50306765C60D}"
EndProject
Project("{FAE04EC0-301F-11D3-BF4B-00C04F79EFBC}") = "WpfAppMultiPropuse", "Front\WpfAppMultiPropuse\WpfAppMultiPropuse.csproj", "{71260AA9-9B99-4797-8190-B47B6328F76D}"
EndProject
Project("{FAE04EC0-301F-11D3-BF4B-00C04F79EFBC}") = "WebSiteStockA4Core", "Front\WebSiteStockA4Core\WebSiteStockA4Core.csproj", "{7AD0516E-99AA-4386-939D-2DBD39CA8444}"
EndProject
Global
	GlobalSection(SolutionConfigurationPlatforms) = preSolution
		Debug|Any CPU = Debug|Any CPU
		Release|Any CPU = Release|Any CPU
	EndGlobalSection
	GlobalSection(ProjectConfigurationPlatforms) = postSolution
		{235C2C3C-6D7D-4E40-A8FF-5F3ABDBED2C3}.Debug|Any CPU.ActiveCfg = Debug|Any CPU
		{235C2C3C-6D7D-4E40-A8FF-5F3ABDBED2C3}.Debug|Any CPU.Build.0 = Debug|Any CPU
		{235C2C3C-6D7D-4E40-A8FF-5F3ABDBED2C3}.Release|Any CPU.ActiveCfg = Release|Any CPU
		{235C2C3C-6D7D-4E40-A8FF-5F3ABDBED2C3}.Release|Any CPU.Build.0 = Release|Any CPU
		{FFC40C9D-1CBE-4130-ADF0-625C3702472C}.Debug|Any CPU.ActiveCfg = Debug|Any CPU
		{FFC40C9D-1CBE-4130-ADF0-625C3702472C}.Debug|Any CPU.Build.0 = Debug|Any CPU
		{FFC40C9D-1CBE-4130-ADF0-625C3702472C}.Release|Any CPU.ActiveCfg = Release|Any CPU
		{FFC40C9D-1CBE-4130-ADF0-625C3702472C}.Release|Any CPU.Build.0 = Release|Any CPU
		{3B6ADBEB-C57C-4E98-9706-4D9E50C31338}.Debug|Any CPU.ActiveCfg = Debug|Any CPU
		{3B6ADBEB-C57C-4E98-9706-4D9E50C31338}.Debug|Any CPU.Build.0 = Debug|Any CPU
		{3B6ADBEB-C57C-4E98-9706-4D9E50C31338}.Release|Any CPU.ActiveCfg = Release|Any CPU
		{3B6ADBEB-C57C-4E98-9706-4D9E50C31338}.Release|Any CPU.Build.0 = Release|Any CPU
		{DCC1876C-4F2C-4508-A411-9377222E20C6}.Debug|Any CPU.ActiveCfg = Debug|Any CPU
		{DCC1876C-4F2C-4508-A411-9377222E20C6}.Debug|Any CPU.Build.0 = Debug|Any CPU
		{DCC1876C-4F2C-4508-A411-9377222E20C6}.Release|Any CPU.ActiveCfg = Release|Any CPU
		{DCC1876C-4F2C-4508-A411-9377222E20C6}.Release|Any CPU.Build.0 = Release|Any CPU
		{ADAD7401-50EB-426B-808E-F33660EA3B51}.Debug|Any CPU.ActiveCfg = Debug|Any CPU
		{ADAD7401-50EB-426B-808E-F33660EA3B51}.Debug|Any CPU.Build.0 = Debug|Any CPU
		{ADAD7401-50EB-426B-808E-F33660EA3B51}.Release|Any CPU.ActiveCfg = Release|Any CPU
		{ADAD7401-50EB-426B-808E-F33660EA3B51}.Release|Any CPU.Build.0 = Release|Any CPU
		{E0F111CF-9834-4C3B-B104-1B7610518596}.Debug|Any CPU.ActiveCfg = Debug|Any CPU
		{E0F111CF-9834-4C3B-B104-1B7610518596}.Debug|Any CPU.Build.0 = Debug|Any CPU
		{E0F111CF-9834-4C3B-B104-1B7610518596}.Release|Any CPU.ActiveCfg = Release|Any CPU
		{E0F111CF-9834-4C3B-B104-1B7610518596}.Release|Any CPU.Build.0 = Release|Any CPU
		{0DCC9426-819B-4E91-BB29-D62EBA4A117B}.Debug|Any CPU.ActiveCfg = Debug|Any CPU
		{0DCC9426-819B-4E91-BB29-D62EBA4A117B}.Debug|Any CPU.Build.0 = Debug|Any CPU
		{0DCC9426-819B-4E91-BB29-D62EBA4A117B}.Release|Any CPU.ActiveCfg = Release|Any CPU
		{0DCC9426-819B-4E91-BB29-D62EBA4A117B}.Release|Any CPU.Build.0 = Release|Any CPU
		{DC2FD103-55FB-46FF-9C6C-722CC0BEDAF3}.Debug|Any CPU.ActiveCfg = Debug|Any CPU
		{DC2FD103-55FB-46FF-9C6C-722CC0BEDAF3}.Debug|Any CPU.Build.0 = Debug|Any CPU
		{DC2FD103-55FB-46FF-9C6C-722CC0BEDAF3}.Release|Any CPU.ActiveCfg = Release|Any CPU
		{DC2FD103-55FB-46FF-9C6C-722CC0BEDAF3}.Release|Any CPU.Build.0 = Release|Any CPU
		{97F36C14-DE64-4416-81CC-49B1ED35FB69}.Debug|Any CPU.ActiveCfg = Debug|Any CPU
		{97F36C14-DE64-4416-81CC-49B1ED35FB69}.Debug|Any CPU.Build.0 = Debug|Any CPU
		{97F36C14-DE64-4416-81CC-49B1ED35FB69}.Release|Any CPU.ActiveCfg = Release|Any CPU
		{97F36C14-DE64-4416-81CC-49B1ED35FB69}.Release|Any CPU.Build.0 = Release|Any CPU
		{7BDEE64E-8D19-4484-993E-D32514557AD3}.Debug|Any CPU.ActiveCfg = Debug|Any CPU
		{7BDEE64E-8D19-4484-993E-D32514557AD3}.Debug|Any CPU.Build.0 = Debug|Any CPU
		{7BDEE64E-8D19-4484-993E-D32514557AD3}.Release|Any CPU.ActiveCfg = Release|Any CPU
		{7BDEE64E-8D19-4484-993E-D32514557AD3}.Release|Any CPU.Build.0 = Release|Any CPU
		{F45365DA-A0A3-4AF2-A863-50306765C60D}.Debug|Any CPU.ActiveCfg = Debug|Any CPU
		{F45365DA-A0A3-4AF2-A863-50306765C60D}.Debug|Any CPU.Build.0 = Debug|Any CPU
		{F45365DA-A0A3-4AF2-A863-50306765C60D}.Release|Any CPU.ActiveCfg = Release|Any CPU
		{F45365DA-A0A3-4AF2-A863-50306765C60D}.Release|Any CPU.Build.0 = Release|Any CPU
		{71260AA9-9B99-4797-8190-B47B6328F76D}.Debug|Any CPU.ActiveCfg = Debug|Any CPU
		{71260AA9-9B99-4797-8190-B47B6328F76D}.Debug|Any CPU.Build.0 = Debug|Any CPU
		{71260AA9-9B99-4797-8190-B47B6328F76D}.Release|Any CPU.ActiveCfg = Release|Any CPU
		{71260AA9-9B99-4797-8190-B47B6328F76D}.Release|Any CPU.Build.0 = Release|Any CPU
		{7AD0516E-99AA-4386-939D-2DBD39CA8444}.Debug|Any CPU.ActiveCfg = Debug|Any CPU
		{7AD0516E-99AA-4386-939D-2DBD39CA8444}.Debug|Any CPU.Build.0 = Debug|Any CPU
		{7AD0516E-99AA-4386-939D-2DBD39CA8444}.Release|Any CPU.ActiveCfg = Release|Any CPU
		{7AD0516E-99AA-4386-939D-2DBD39CA8444}.Release|Any CPU.Build.0 = Release|Any CPU
	EndGlobalSection
	GlobalSection(SolutionProperties) = preSolution
		HideSolutionNode = FALSE
	EndGlobalSection
	GlobalSection(NestedProjects) = preSolution
		{235C2C3C-6D7D-4E40-A8FF-5F3ABDBED2C3} = {A25EEA97-6A4A-493E-8FFE-80C1DD22E4C9}
		{FFC40C9D-1CBE-4130-ADF0-625C3702472C} = {A25EEA97-6A4A-493E-8FFE-80C1DD22E4C9}
		{3B6ADBEB-C57C-4E98-9706-4D9E50C31338} = {A25EEA97-6A4A-493E-8FFE-80C1DD22E4C9}
		{DCC1876C-4F2C-4508-A411-9377222E20C6} = {A25EEA97-6A4A-493E-8FFE-80C1DD22E4C9}
		{ADAD7401-50EB-426B-808E-F33660EA3B51} = {A25EEA97-6A4A-493E-8FFE-80C1DD22E4C9}
		{E0F111CF-9834-4C3B-B104-1B7610518596} = {C8CEC934-7E24-44DD-8AC8-09835F28A696}
		{5454FCE5-22B9-4B8F-857B-E036DE95407F} = {C8CEC934-7E24-44DD-8AC8-09835F28A696}
		{0DCC9426-819B-4E91-BB29-D62EBA4A117B} = {B66929F6-1A0A-418A-9BAD-F8BE4E1E7B65}
		{DC2FD103-55FB-46FF-9C6C-722CC0BEDAF3} = {B66929F6-1A0A-418A-9BAD-F8BE4E1E7B65}
		{97F36C14-DE64-4416-81CC-49B1ED35FB69} = {B66929F6-1A0A-418A-9BAD-F8BE4E1E7B65}
		{7BDEE64E-8D19-4484-993E-D32514557AD3} = {B66929F6-1A0A-418A-9BAD-F8BE4E1E7B65}
		{F45365DA-A0A3-4AF2-A863-50306765C60D} = {B66929F6-1A0A-418A-9BAD-F8BE4E1E7B65}
		{71260AA9-9B99-4797-8190-B47B6328F76D} = {B66929F6-1A0A-418A-9BAD-F8BE4E1E7B65}
		{7AD0516E-99AA-4386-939D-2DBD39CA8444} = {B66929F6-1A0A-418A-9BAD-F8BE4E1E7B65}
	EndGlobalSection
	GlobalSection(ExtensibilityGlobals) = postSolution
		SolutionGuid = {D1AB3187-A812-4812-8438-FB7086D2491E}
		EnterpriseLibraryConfigurationToolBinariesPath = packages\Unity.2.1.505.0\lib\NET35
	EndGlobalSection
EndGlobal
